
Microsoft Visual Studio Solution File, Format Version 12.00
# Visual Studio Version 17
VisualStudioVersion = 17.8.34330.188
MinimumVisualStudioVersion = 10.0.40219.1
Project("{9A19103F-16F7-4668-BE54-9A1E7A4F7556}") = "UdemyEFCore.DatabaseFirst", "UdemyEFCore.DatabaseFirst\UdemyEFCore.DatabaseFirst.csproj", "{E81F18C1-D229-4B9A-B387-8D144366FB23}"
EndProject
Project("{9A19103F-16F7-4668-BE54-9A1E7A4F7556}") = "UdeymEFCore.DatabaseFirstByScaffold", "UdeymEFCore.DatabaseFirstByScaffold\UdeymEFCore.DatabaseFirstByScaffold.csproj", "{60A9A6A2-C476-4D4C-97ED-19EC191F6762}"
EndProject
Project("{9A19103F-16F7-4668-BE54-9A1E7A4F7556}") = "UdemyEFCore.CodeFirst", "UdemyEFCore.CodeFirst\UdemyEFCore.CodeFirst.csproj", "{FA9B25A2-12BE-4DFB-94EA-59AFF87590A8}"
EndProject
Project("{2150E333-8FDC-42A3-9474-1A3956D46DE8}") = "Solution Items", "Solution Items", "{3B18DF96-918F-42E4-A3F9-9CD4FDCCC3F8}"
	ProjectSection(SolutionItems) = preProject
		.editorconfig = .editorconfig
		.gitignore = .gitignore
	EndProjectSection
EndProject
Project("{FAE04EC0-301F-11D3-BF4B-00C04F79EFBC}") = "Concurrency.Web", "Concurrency.Web\Concurrency.Web.csproj", "{DD16CFDB-D40C-46EE-B1C6-7621E9A1E6C0}"
EndProject
Project("{FAE04EC0-301F-11D3-BF4B-00C04F79EFBC}") = "Concurrency.WebMVC", "Concurrency.WebMVC\Concurrency.WebMVC.csproj", "{1BB0492A-8639-4B82-94BA-319E1279BAA6}"
EndProject
Global
	GlobalSection(SolutionConfigurationPlatforms) = preSolution
		Debug|Any CPU = Debug|Any CPU
		Release|Any CPU = Release|Any CPU
	EndGlobalSection
	GlobalSection(ProjectConfigurationPlatforms) = postSolution
		{E81F18C1-D229-4B9A-B387-8D144366FB23}.Debug|Any CPU.ActiveCfg = Debug|Any CPU
		{E81F18C1-D229-4B9A-B387-8D144366FB23}.Debug|Any CPU.Build.0 = Debug|Any CPU
		{E81F18C1-D229-4B9A-B387-8D144366FB23}.Release|Any CPU.ActiveCfg = Release|Any CPU
		{E81F18C1-D229-4B9A-B387-8D144366FB23}.Release|Any CPU.Build.0 = Release|Any CPU
		{60A9A6A2-C476-4D4C-97ED-19EC191F6762}.Debug|Any CPU.ActiveCfg = Debug|Any CPU
		{60A9A6A2-C476-4D4C-97ED-19EC191F6762}.Debug|Any CPU.Build.0 = Debug|Any CPU
		{60A9A6A2-C476-4D4C-97ED-19EC191F6762}.Release|Any CPU.ActiveCfg = Release|Any CPU
		{60A9A6A2-C476-4D4C-97ED-19EC191F6762}.Release|Any CPU.Build.0 = Release|Any CPU
		{FA9B25A2-12BE-4DFB-94EA-59AFF87590A8}.Debug|Any CPU.ActiveCfg = Debug|Any CPU
		{FA9B25A2-12BE-4DFB-94EA-59AFF87590A8}.Debug|Any CPU.Build.0 = Debug|Any CPU
		{FA9B25A2-12BE-4DFB-94EA-59AFF87590A8}.Release|Any CPU.ActiveCfg = Release|Any CPU
		{FA9B25A2-12BE-4DFB-94EA-59AFF87590A8}.Release|Any CPU.Build.0 = Release|Any CPU
		{DD16CFDB-D40C-46EE-B1C6-7621E9A1E6C0}.Debug|Any CPU.ActiveCfg = Debug|Any CPU
		{DD16CFDB-D40C-46EE-B1C6-7621E9A1E6C0}.Debug|Any CPU.Build.0 = Debug|Any CPU
		{DD16CFDB-D40C-46EE-B1C6-7621E9A1E6C0}.Release|Any CPU.ActiveCfg = Release|Any CPU
		{DD16CFDB-D40C-46EE-B1C6-7621E9A1E6C0}.Release|Any CPU.Build.0 = Release|Any CPU
		{1BB0492A-8639-4B82-94BA-319E1279BAA6}.Debug|Any CPU.ActiveCfg = Debug|Any CPU
		{1BB0492A-8639-4B82-94BA-319E1279BAA6}.Debug|Any CPU.Build.0 = Debug|Any CPU
		{1BB0492A-8639-4B82-94BA-319E1279BAA6}.Release|Any CPU.ActiveCfg = Release|Any CPU
		{1BB0492A-8639-4B82-94BA-319E1279BAA6}.Release|Any CPU.Build.0 = Release|Any CPU
	EndGlobalSection
	GlobalSection(SolutionProperties) = preSolution
		HideSolutionNode = FALSE
	EndGlobalSection
	GlobalSection(ExtensibilityGlobals) = postSolution
		SolutionGuid = {E92249F4-9C57-410F-9553-B46D663F0BF9}
	EndGlobalSection
EndGlobal
